
Microsoft Visual Studio Solution File, Format Version 12.00
# Visual Studio Version 17
VisualStudioVersion = 17.9.34728.123
MinimumVisualStudioVersion = 10.0.40219.1
Project("{FAE04EC0-301F-11D3-BF4B-00C04F79EFBC}") = "ECommerce_2.API", "ECommerce_2.API\ECommerce_2.API.csproj", "{11C7F1DA-503A-4590-9A8B-57F09E896546}"
EndProject
Project("{FAE04EC0-301F-11D3-BF4B-00C04F79EFBC}") = "ECommerce_2.BL", "ECommerce_2.BL\ECommerce_2.BL.csproj", "{A4E666E3-A1BE-4E9B-B59C-BBD3A41AC38F}"
EndProject
Project("{FAE04EC0-301F-11D3-BF4B-00C04F79EFBC}") = "ECommerce_2.DAL", "ECommerce_2.DAL\ECommerce_2.DAL.csproj", "{F054120E-E2F9-4452-8FB8-D470FAC3F940}"
EndProject
Global
	GlobalSection(SolutionConfigurationPlatforms) = preSolution
		Debug|Any CPU = Debug|Any CPU
		Release|Any CPU = Release|Any CPU
	EndGlobalSection
	GlobalSection(ProjectConfigurationPlatforms) = postSolution
		{11C7F1DA-503A-4590-9A8B-57F09E896546}.Debug|Any CPU.ActiveCfg = Debug|Any CPU
		{11C7F1DA-503A-4590-9A8B-57F09E896546}.Debug|Any CPU.Build.0 = Debug|Any CPU
		{11C7F1DA-503A-4590-9A8B-57F09E896546}.Release|Any CPU.ActiveCfg = Release|Any CPU
		{11C7F1DA-503A-4590-9A8B-57F09E896546}.Release|Any CPU.Build.0 = Release|Any CPU
		{A4E666E3-A1BE-4E9B-B59C-BBD3A41AC38F}.Debug|Any CPU.ActiveCfg = Debug|Any CPU
		{A4E666E3-A1BE-4E9B-B59C-BBD3A41AC38F}.Debug|Any CPU.Build.0 = Debug|Any CPU
		{A4E666E3-A1BE-4E9B-B59C-BBD3A41AC38F}.Release|Any CPU.ActiveCfg = Release|Any CPU
		{A4E666E3-A1BE-4E9B-B59C-BBD3A41AC38F}.Release|Any CPU.Build.0 = Release|Any CPU
		{F054120E-E2F9-4452-8FB8-D470FAC3F940}.Debug|Any CPU.ActiveCfg = Debug|Any CPU
		{F054120E-E2F9-4452-8FB8-D470FAC3F940}.Debug|Any CPU.Build.0 = Debug|Any CPU
		{F054120E-E2F9-4452-8FB8-D470FAC3F940}.Release|Any CPU.ActiveCfg = Release|Any CPU
		{F054120E-E2F9-4452-8FB8-D470FAC3F940}.Release|Any CPU.Build.0 = Release|Any CPU
	EndGlobalSection
	GlobalSection(SolutionProperties) = preSolution
		HideSolutionNode = FALSE
	EndGlobalSection
	GlobalSection(ExtensibilityGlobals) = postSolution
		SolutionGuid = {DDC3E768-F872-4FEE-A796-C74128A225CC}
	EndGlobalSection
EndGlobal
